Microsoft Visual Studio Solution File, Format Version 12.00
# Visual Studio Version 17
VisualStudioVersion = 17.5.2.0
MinimumVisualStudioVersion = 10.0.40219.1
Project("{FAE04EC0-301F-11D3-BF4B-00C04F79EFBC}") = "CompanyManagement.API", "CompanyManagement.API\CompanyManagement.API.csproj", "{34C4ED09-721C-4FFE-B971-41478BCC6D37}"
EndProject
Project("{FAE04EC0-301F-11D3-BF4B-00C04F79EFBC}") = "CompanyManagement.Data", "CompanyManagement.Data\CompanyManagement.Data.csproj", "{BFA061BD-82BC-442D-9199-2B8DE827A919}"
EndProject
Project("{FAE04EC0-301F-11D3-BF4B-00C04F79EFBC}") = "CompanyManagement.Utils", "CompanyManagement.Utils\CompanyManagement.Utils.csproj", "{8F360608-C64B-4787-B50C-7330111BE608}"
EndProject
Global
	GlobalSection(SolutionConfigurationPlatforms) = preSolution
		Debug|Any CPU = Debug|Any CPU
		Release|Any CPU = Release|Any CPU
	EndGlobalSection
	GlobalSection(ProjectConfigurationPlatforms) = postSolution
		{34C4ED09-721C-4FFE-B971-41478BCC6D37}.Debug|Any CPU.ActiveCfg = Debug|Any CPU
		{34C4ED09-721C-4FFE-B971-41478BCC6D37}.Debug|Any CPU.Build.0 = Debug|Any CPU
		{34C4ED09-721C-4FFE-B971-41478BCC6D37}.Release|Any CPU.ActiveCfg = Release|Any CPU
		{34C4ED09-721C-4FFE-B971-41478BCC6D37}.Release|Any CPU.Build.0 = Release|Any CPU
		{BFA061BD-82BC-442D-9199-2B8DE827A919}.Debug|Any CPU.ActiveCfg = Debug|Any CPU
		{BFA061BD-82BC-442D-9199-2B8DE827A919}.Debug|Any CPU.Build.0 = Debug|Any CPU
		{BFA061BD-82BC-442D-9199-2B8DE827A919}.Release|Any CPU.ActiveCfg = Release|Any CPU
		{BFA061BD-82BC-442D-9199-2B8DE827A919}.Release|Any CPU.Build.0 = Release|Any CPU
		{8F360608-C64B-4787-B50C-7330111BE608}.Debug|Any CPU.ActiveCfg = Debug|Any CPU
		{8F360608-C64B-4787-B50C-7330111BE608}.Debug|Any CPU.Build.0 = Debug|Any CPU
		{8F360608-C64B-4787-B50C-7330111BE608}.Release|Any CPU.ActiveCfg = Release|Any CPU
		{8F360608-C64B-4787-B50C-7330111BE608}.Release|Any CPU.Build.0 = Release|Any CPU
	EndGlobalSection
	GlobalSection(SolutionProperties) = preSolution
		HideSolutionNode = FALSE
	EndGlobalSection
	GlobalSection(ExtensibilityGlobals) = postSolution
		SolutionGuid = {99233C10-BF29-4EF2-9799-7D9E866B51EF}
	EndGlobalSection
EndGlobal
